
Microsoft Visual Studio Solution File, Format Version 12.00
# Visual Studio Version 17
VisualStudioVersion = 17.5.002.0
MinimumVisualStudioVersion = 10.0.40219.1
Project("{9A19103F-16F7-4668-BE54-9A1E7A4F7556}") = "Business", "Business\Business.csproj", "{D5DFBF45-EDBC-407C-B9B0-D044C2EC34CA}"
EndProject
Project("{9A19103F-16F7-4668-BE54-9A1E7A4F7556}") = "Data", "Data\Data.csproj", "{8E123538-9078-4112-BB1B-12FD38CE769F}"
EndProject
Project("{9A19103F-16F7-4668-BE54-9A1E7A4F7556}") = "Entity", "Entity\Entity.csproj", "{2A7CFF16-31F2-42D0-BC96-EDCA158A4AD6}"
EndProject
Project("{9A19103F-16F7-4668-BE54-9A1E7A4F7556}") = "WebUI", "WebUI\WebUI.csproj", "{EA61F939-6B25-47B5-B57C-93B1B9173814}"
EndProject
Global
	GlobalSection(SolutionConfigurationPlatforms) = preSolution
		Debug|Any CPU = Debug|Any CPU
		Release|Any CPU = Release|Any CPU
	EndGlobalSection
	GlobalSection(ProjectConfigurationPlatforms) = postSolution
		{D5DFBF45-EDBC-407C-B9B0-D044C2EC34CA}.Debug|Any CPU.ActiveCfg = Debug|Any CPU
		{D5DFBF45-EDBC-407C-B9B0-D044C2EC34CA}.Debug|Any CPU.Build.0 = Debug|Any CPU
		{D5DFBF45-EDBC-407C-B9B0-D044C2EC34CA}.Release|Any CPU.ActiveCfg = Release|Any CPU
		{D5DFBF45-EDBC-407C-B9B0-D044C2EC34CA}.Release|Any CPU.Build.0 = Release|Any CPU
		{8E123538-9078-4112-BB1B-12FD38CE769F}.Debug|Any CPU.ActiveCfg = Debug|Any CPU
		{8E123538-9078-4112-BB1B-12FD38CE769F}.Debug|Any CPU.Build.0 = Debug|Any CPU
		{8E123538-9078-4112-BB1B-12FD38CE769F}.Release|Any CPU.ActiveCfg = Release|Any CPU
		{8E123538-9078-4112-BB1B-12FD38CE769F}.Release|Any CPU.Build.0 = Release|Any CPU
		{2A7CFF16-31F2-42D0-BC96-EDCA158A4AD6}.Debug|Any CPU.ActiveCfg = Debug|Any CPU
		{2A7CFF16-31F2-42D0-BC96-EDCA158A4AD6}.Debug|Any CPU.Build.0 = Debug|Any CPU
		{2A7CFF16-31F2-42D0-BC96-EDCA158A4AD6}.Release|Any CPU.ActiveCfg = Release|Any CPU
		{2A7CFF16-31F2-42D0-BC96-EDCA158A4AD6}.Release|Any CPU.Build.0 = Release|Any CPU
		{EA61F939-6B25-47B5-B57C-93B1B9173814}.Debug|Any CPU.ActiveCfg = Debug|Any CPU
		{EA61F939-6B25-47B5-B57C-93B1B9173814}.Debug|Any CPU.Build.0 = Debug|Any CPU
		{EA61F939-6B25-47B5-B57C-93B1B9173814}.Release|Any CPU.ActiveCfg = Release|Any CPU
		{EA61F939-6B25-47B5-B57C-93B1B9173814}.Release|Any CPU.Build.0 = Release|Any CPU
	EndGlobalSection
	GlobalSection(SolutionProperties) = preSolution
		HideSolutionNode = FALSE
	EndGlobalSection
	GlobalSection(ExtensibilityGlobals) = postSolution
		SolutionGuid = {E08A33A8-0A59-4D76-A655-C6375E3292B9}
	EndGlobalSection
EndGlobal
